
Microsoft Visual Studio Solution File, Format Version 12.00
# Visual Studio Version 16
VisualStudioVersion = 16.0.30717.126
MinimumVisualStudioVersion = 10.0.40219.1
Project("{FAE04EC0-301F-11D3-BF4B-00C04F79EFBC}") = "Roommates", "Rommates\Roommates.csproj", "{96618235-DC09-42D4-A049-73A2557FFB36}"
EndProject
Global
	GlobalSection(SolutionConfigurationPlatforms) = preSolution
		Debug|Any CPU = Debug|Any CPU
		Release|Any CPU = Release|Any CPU
	EndGlobalSection
	GlobalSection(ProjectConfigurationPlatforms) = postSolution
		{96618235-DC09-42D4-A049-73A2557FFB36}.Debug|Any CPU.ActiveCfg = Debug|Any CPU
		{96618235-DC09-42D4-A049-73A2557FFB36}.Debug|Any CPU.Build.0 = Debug|Any CPU
		{96618235-DC09-42D4-A049-73A2557FFB36}.Release|Any CPU.ActiveCfg = Release|Any CPU
		{96618235-DC09-42D4-A049-73A2557FFB36}.Release|Any CPU.Build.0 = Release|Any CPU
	EndGlobalSection
	GlobalSection(SolutionProperties) = preSolution
		HideSolutionNode = FALSE
	EndGlobalSection
	GlobalSection(ExtensibilityGlobals) = postSolution
		SolutionGuid = {0A02B359-1C88-460F-A2C7-96EAE8B93EF2}
	EndGlobalSection
EndGlobal
